// !$*UTF8*$!
{
	archiveVersion = 1;
	classes = {
	};
	objectVersion = 50;
	objects = {

/* Begin PBXBuildFile section */
		9521784A22735EC0007A3E02 /* MuseumCollectionViewCell.m in Sources */ = {isa = PBXBuildFile; fileRef = 9521784922735EC0007A3E02 /* MuseumCollectionViewCell.m */; };
		9521784E22763A2F007A3E02 /* TACustomAnnotation.m in Sources */ = {isa = PBXBuildFile; fileRef = 9521784D22763A2F007A3E02 /* TACustomAnnotation.m */; };
		952178532277077F007A3E02 /* AddTripViewController.m in Sources */ = {isa = PBXBuildFile; fileRef = 952178522277077F007A3E02 /* AddTripViewController.m */; };
		95217884227878F6007A3E02 /* Day+CoreDataClass.m in Sources */ = {isa = PBXBuildFile; fileRef = 95217876227878F6007A3E02 /* Day+CoreDataClass.m */; };
		95217885227878F6007A3E02 /* Day+CoreDataProperties.m in Sources */ = {isa = PBXBuildFile; fileRef = 95217877227878F6007A3E02 /* Day+CoreDataProperties.m */; };
		95217886227878F6007A3E02 /* Person+CoreDataClass.m in Sources */ = {isa = PBXBuildFile; fileRef = 9521787A227878F6007A3E02 /* Person+CoreDataClass.m */; };
		95217887227878F6007A3E02 /* Person+CoreDataProperties.m in Sources */ = {isa = PBXBuildFile; fileRef = 9521787B227878F6007A3E02 /* Person+CoreDataProperties.m */; };
		95217888227878F6007A3E02 /* Museum+CoreDataClass.m in Sources */ = {isa = PBXBuildFile; fileRef = 9521787E227878F6007A3E02 /* Museum+CoreDataClass.m */; };
		95217889227878F6007A3E02 /* Museum+CoreDataProperties.m in Sources */ = {isa = PBXBuildFile; fileRef = 9521787F227878F6007A3E02 /* Museum+CoreDataProperties.m */; };
		9521788A227878F6007A3E02 /* Trip+CoreDataClass.m in Sources */ = {isa = PBXBuildFile; fileRef = 95217882227878F6007A3E02 /* Trip+CoreDataClass.m */; };
		9521788B227878F6007A3E02 /* Trip+CoreDataProperties.m in Sources */ = {isa = PBXBuildFile; fileRef = 95217883227878F6007A3E02 /* Trip+CoreDataProperties.m */; };
		9521788E22788278007A3E02 /* TAPerson.m in Sources */ = {isa = PBXBuildFile; fileRef = 9521788D22788278007A3E02 /* TAPerson.m */; };
		95217891227B2F1B007A3E02 /* MuseumsForDayViewController.m in Sources */ = {isa = PBXBuildFile; fileRef = 95217890227B2F1B007A3E02 /* MuseumsForDayViewController.m */; };
		952178EF227B5D83007A3E02 /* DetailMuseumCollectionViewCell.m in Sources */ = {isa = PBXBuildFile; fileRef = 952178EE227B5D83007A3E02 /* DetailMuseumCollectionViewCell.m */; };
		9521795E227CAD1B007A3E02 /* ChooseMuseumViewController.m in Sources */ = {isa = PBXBuildFile; fileRef = 9521795D227CAD1B007A3E02 /* ChooseMuseumViewController.m */; };
		95217961227CBA4E007A3E02 /* AddMuseumViewController.m in Sources */ = {isa = PBXBuildFile; fileRef = 95217960227CBA4E007A3E02 /* AddMuseumViewController.m */; };
		95217C502282C120007A3E02 /* DayCollectionViewCell.m in Sources */ = {isa = PBXBuildFile; fileRef = 95217C4F2282C120007A3E02 /* DayCollectionViewCell.m */; };
		95217C54228885C7007A3E02 /* TAMosDataNetworkService.m in Sources */ = {isa = PBXBuildFile; fileRef = 95217C53228885C7007A3E02 /* TAMosDataNetworkService.m */; };
		95217C5E2289FC7D007A3E02 /* TACoordinator.m in Sources */ = {isa = PBXBuildFile; fileRef = 95217C5D2289FC7D007A3E02 /* TACoordinator.m */; };
		9562AEA1228F1F4E002222F1 /* ProfileView.m in Sources */ = {isa = PBXBuildFile; fileRef = 9562AEA0228F1F4E002222F1 /* ProfileView.m */; };
		9562AEA42292CFB8002222F1 /* CoreDataProvider.m in Sources */ = {isa = PBXBuildFile; fileRef = 9562AEA32292CFB8002222F1 /* CoreDataProvider.m */; };
		9562AEA92292DE26002222F1 /* TLAService.m in Sources */ = {isa = PBXBuildFile; fileRef = 9562AEA82292DE26002222F1 /* TLAService.m */; };
		9562AEAC2292DF1A002222F1 /* TLATripsService.m in Sources */ = {isa = PBXBuildFile; fileRef = 9562AEAB2292DF1A002222F1 /* TLATripsService.m */; };
		9562AEAF2292E2C3002222F1 /* TLAAddTripService.m in Sources */ = {isa = PBXBuildFile; fileRef = 9562AEAE2292E2C3002222F1 /* TLAAddTripService.m */; };
		9562AEB22292E846002222F1 /* TLAMuseumsForDayService.m in Sources */ = {isa = PBXBuildFile; fileRef = 9562AEB12292E846002222F1 /* TLAMuseumsForDayService.m */; };
		9562AEB52292EB5D002222F1 /* TLAAddMuseumService.m in Sources */ = {isa = PBXBuildFile; fileRef = 9562AEB42292EB5D002222F1 /* TLAAddMuseumService.m */; };
		9571FC86226F16F900602FB4 /* AppDelegate.m in Sources */ = {isa = PBXBuildFile; fileRef = 9571FC85226F16F900602FB4 /* AppDelegate.m */; };
		9571FC8C226F16F900602FB4 /* Main.storyboard in Resources */ = {isa = PBXBuildFile; fileRef = 9571FC8A226F16F900602FB4 /* Main.storyboard */; };
		9571FC8F226F16F900602FB4 /* travelApp.xcdatamodeld in Sources */ = {isa = PBXBuildFile; fileRef = 9571FC8D226F16F900602FB4 /* travelApp.xcdatamodeld */; };
		9571FC94226F16FB00602FB4 /* LaunchScreen.storyboard in Resources */ = {isa = PBXBuildFile; fileRef = 9571FC92226F16FB00602FB4 /* LaunchScreen.storyboard */; };
		9571FC97226F16FB00602FB4 /* main.m in Sources */ = {isa = PBXBuildFile; fileRef = 9571FC96226F16FB00602FB4 /* main.m */; };
		9571FC9F226F1BA100602FB4 /* MapViewController.m in Sources */ = {isa = PBXBuildFile; fileRef = 9571FC9E226F1BA100602FB4 /* MapViewController.m */; };
		9571FCA2226F1BC200602FB4 /* TripsViewController.m in Sources */ = {isa = PBXBuildFile; fileRef = 9571FCA1226F1BC200602FB4 /* TripsViewController.m */; };
		9571FCA5226F1BEF00602FB4 /* ProfileViewController.m in Sources */ = {isa = PBXBuildFile; fileRef = 9571FCA4226F1BEF00602FB4 /* ProfileViewController.m */; };
		9571FCAA226F29DC00602FB4 /* Assets.xcassets in Resources */ = {isa = PBXBuildFile; fileRef = 9571FCA9226F29DC00602FB4 /* Assets.xcassets */; };
		9571FCB622707FA000602FB4 /* SearchViewController.m in Sources */ = {isa = PBXBuildFile; fileRef = 9571FCB522707FA000602FB4 /* SearchViewController.m */; };
		9571FCBD2270A41700602FB4 /* TAFoursquareNetworkService.m in Sources */ = {isa = PBXBuildFile; fileRef = 9571FCBC2270A41700602FB4 /* TAFoursquareNetworkService.m */; };
		9571FCC12271DDD100602FB4 /* MapPoint.m in Sources */ = {isa = PBXBuildFile; fileRef = 9571FCC02271DDD100602FB4 /* MapPoint.m */; };
		9571FCC52271E05900602FB4 /* DetailPointViewController.m in Sources */ = {isa = PBXBuildFile; fileRef = 9571FCC42271E05900602FB4 /* DetailPointViewController.m */; };
		95A2066F228EAE2700583AC4 /* AddNewTrip.m in Sources */ = {isa = PBXBuildFile; fileRef = 95A2066E228EAE2700583AC4 /* AddNewTrip.m */; };
		95A20674228EE4F200583AC4 /* MuseumsForDayView.m in Sources */ = {isa = PBXBuildFile; fileRef = 95A20673228EE4F200583AC4 /* MuseumsForDayView.m */; };
		95A20677228EEB4500583AC4 /* AddMuseumView.m in Sources */ = {isa = PBXBuildFile; fileRef = 95A20676228EEB4500583AC4 /* AddMuseumView.m */; };
/* End PBXBuildFile section */

/* Begin PBXFileReference section */
		9521784822735EC0007A3E02 /* MuseumCollectionViewCell.h */ = {isa = PBXFileReference; lastKnownFileType = sourcecode.c.h; path = MuseumCollectionViewCell.h; sourceTree = "<group>"; };
		9521784922735EC0007A3E02 /* MuseumCollectionViewCell.m */ = {isa = PBXFileReference; lastKnownFileType = sourcecode.c.objc; path = MuseumCollectionViewCell.m; sourceTree = "<group>"; };
		9521784C22763A2F007A3E02 /* TACustomAnnotation.h */ = {isa = PBXFileReference; lastKnownFileType = sourcecode.c.h; path = TACustomAnnotation.h; sourceTree = "<group>"; };
		9521784D22763A2F007A3E02 /* TACustomAnnotation.m */ = {isa = PBXFileReference; lastKnownFileType = sourcecode.c.objc; path = TACustomAnnotation.m; sourceTree = "<group>"; };
		952178512277077F007A3E02 /* AddTripViewController.h */ = {isa = PBXFileReference; lastKnownFileType = sourcecode.c.h; path = AddTripViewController.h; sourceTree = "<group>"; };
		952178522277077F007A3E02 /* AddTripViewController.m */ = {isa = PBXFileReference; lastKnownFileType = sourcecode.c.objc; path = AddTripViewController.m; sourceTree = "<group>"; };
		95217874227878F6007A3E02 /* Day+CoreDataProperties.h */ = {isa = PBXFileReference; lastKnownFileType = sourcecode.c.h; path = "Day+CoreDataProperties.h"; sourceTree = "<group>"; };
		95217875227878F6007A3E02 /* Day+CoreDataClass.h */ = {isa = PBXFileReference; lastKnownFileType = sourcecode.c.h; path = "Day+CoreDataClass.h"; sourceTree = "<group>"; };
		95217876227878F6007A3E02 /* Day+CoreDataClass.m */ = {isa = PBXFileReference; lastKnownFileType = sourcecode.c.objc; path = "Day+CoreDataClass.m"; sourceTree = "<group>"; };
		95217877227878F6007A3E02 /* Day+CoreDataProperties.m */ = {isa = PBXFileReference; lastKnownFileType = sourcecode.c.objc; path = "Day+CoreDataProperties.m"; sourceTree = "<group>"; };
		95217878227878F6007A3E02 /* Person+CoreDataProperties.h */ = {isa = PBXFileReference; lastKnownFileType = sourcecode.c.h; path = "Person+CoreDataProperties.h"; sourceTree = "<group>"; };
		95217879227878F6007A3E02 /* Person+CoreDataClass.h */ = {isa = PBXFileReference; lastKnownFileType = sourcecode.c.h; path = "Person+CoreDataClass.h"; sourceTree = "<group>"; };
		9521787A227878F6007A3E02 /* Person+CoreDataClass.m */ = {isa = PBXFileReference; lastKnownFileType = sourcecode.c.objc; path = "Person+CoreDataClass.m"; sourceTree = "<group>"; };
		9521787B227878F6007A3E02 /* Person+CoreDataProperties.m */ = {isa = PBXFileReference; lastKnownFileType = sourcecode.c.objc; path = "Person+CoreDataProperties.m"; sourceTree = "<group>"; };
		9521787C227878F6007A3E02 /* Museum+CoreDataProperties.h */ = {isa = PBXFileReference; lastKnownFileType = sourcecode.c.h; path = "Museum+CoreDataProperties.h"; sourceTree = "<group>"; };
		9521787D227878F6007A3E02 /* Museum+CoreDataClass.h */ = {isa = PBXFileReference; lastKnownFileType = sourcecode.c.h; path = "Museum+CoreDataClass.h"; sourceTree = "<group>"; };
		9521787E227878F6007A3E02 /* Museum+CoreDataClass.m */ = {isa = PBXFileReference; lastKnownFileType = sourcecode.c.objc; path = "Museum+CoreDataClass.m"; sourceTree = "<group>"; };
		9521787F227878F6007A3E02 /* Museum+CoreDataProperties.m */ = {isa = PBXFileReference; lastKnownFileType = sourcecode.c.objc; path = "Museum+CoreDataProperties.m"; sourceTree = "<group>"; };
		95217880227878F6007A3E02 /* Trip+CoreDataProperties.h */ = {isa = PBXFileReference; lastKnownFileType = sourcecode.c.h; path = "Trip+CoreDataProperties.h"; sourceTree = "<group>"; };
		95217881227878F6007A3E02 /* Trip+CoreDataClass.h */ = {isa = PBXFileReference; lastKnownFileType = sourcecode.c.h; path = "Trip+CoreDataClass.h"; sourceTree = "<group>"; };
		95217882227878F6007A3E02 /* Trip+CoreDataClass.m */ = {isa = PBXFileReference; lastKnownFileType = sourcecode.c.objc; path = "Trip+CoreDataClass.m"; sourceTree = "<group>"; };
		95217883227878F6007A3E02 /* Trip+CoreDataProperties.m */ = {isa = PBXFileReference; lastKnownFileType = sourcecode.c.objc; path = "Trip+CoreDataProperties.m"; sourceTree = "<group>"; };
		9521788C22788278007A3E02 /* TAPerson.h */ = {isa = PBXFileReference; lastKnownFileType = sourcecode.c.h; path = TAPerson.h; sourceTree = "<group>"; };
		9521788D22788278007A3E02 /* TAPerson.m */ = {isa = PBXFileReference; lastKnownFileType = sourcecode.c.objc; path = TAPerson.m; sourceTree = "<group>"; };
		9521788F227B2F1B007A3E02 /* MuseumsForDayViewController.h */ = {isa = PBXFileReference; lastKnownFileType = sourcecode.c.h; path = MuseumsForDayViewController.h; sourceTree = "<group>"; };
		95217890227B2F1B007A3E02 /* MuseumsForDayViewController.m */ = {isa = PBXFileReference; lastKnownFileType = sourcecode.c.objc; path = MuseumsForDayViewController.m; sourceTree = "<group>"; };
		952178ED227B5D83007A3E02 /* DetailMuseumCollectionViewCell.h */ = {isa = PBXFileReference; lastKnownFileType = sourcecode.c.h; path = DetailMuseumCollectionViewCell.h; sourceTree = "<group>"; };
		952178EE227B5D83007A3E02 /* DetailMuseumCollectionViewCell.m */ = {isa = PBXFileReference; lastKnownFileType = sourcecode.c.objc; path = DetailMuseumCollectionViewCell.m; sourceTree = "<group>"; };
		9521795C227CAD1B007A3E02 /* ChooseMuseumViewController.h */ = {isa = PBXFileReference; lastKnownFileType = sourcecode.c.h; path = ChooseMuseumViewController.h; sourceTree = "<group>"; };
		9521795D227CAD1B007A3E02 /* ChooseMuseumViewController.m */ = {isa = PBXFileReference; lastKnownFileType = sourcecode.c.objc; path = ChooseMuseumViewController.m; sourceTree = "<group>"; };
		9521795F227CBA4E007A3E02 /* AddMuseumViewController.h */ = {isa = PBXFileReference; lastKnownFileType = sourcecode.c.h; path = AddMuseumViewController.h; sourceTree = "<group>"; };
		95217960227CBA4E007A3E02 /* AddMuseumViewController.m */ = {isa = PBXFileReference; lastKnownFileType = sourcecode.c.objc; path = AddMuseumViewController.m; sourceTree = "<group>"; };
		95217C4E2282C120007A3E02 /* DayCollectionViewCell.h */ = {isa = PBXFileReference; lastKnownFileType = sourcecode.c.h; path = DayCollectionViewCell.h; sourceTree = "<group>"; };
		95217C4F2282C120007A3E02 /* DayCollectionViewCell.m */ = {isa = PBXFileReference; lastKnownFileType = sourcecode.c.objc; path = DayCollectionViewCell.m; sourceTree = "<group>"; };
		95217C52228885C6007A3E02 /* TAMosDataNetworkService.h */ = {isa = PBXFileReference; lastKnownFileType = sourcecode.c.h; path = TAMosDataNetworkService.h; sourceTree = "<group>"; };
		95217C53228885C7007A3E02 /* TAMosDataNetworkService.m */ = {isa = PBXFileReference; lastKnownFileType = sourcecode.c.objc; path = TAMosDataNetworkService.m; sourceTree = "<group>"; };
		95217C552288929C007A3E02 /* TAMosDataNetworkServiceProtocol.h */ = {isa = PBXFileReference; lastKnownFileType = sourcecode.c.h; path = TAMosDataNetworkServiceProtocol.h; sourceTree = "<group>"; };
		95217C5C2289FC7D007A3E02 /* TACoordinator.h */ = {isa = PBXFileReference; lastKnownFileType = sourcecode.c.h; path = TACoordinator.h; sourceTree = "<group>"; };
		95217C5D2289FC7D007A3E02 /* TACoordinator.m */ = {isa = PBXFileReference; lastKnownFileType = sourcecode.c.objc; path = TACoordinator.m; sourceTree = "<group>"; };
		9562AE9F228F1F4E002222F1 /* ProfileView.h */ = {isa = PBXFileReference; lastKnownFileType = sourcecode.c.h; path = ProfileView.h; sourceTree = "<group>"; };
		9562AEA0228F1F4E002222F1 /* ProfileView.m */ = {isa = PBXFileReference; lastKnownFileType = sourcecode.c.objc; path = ProfileView.m; sourceTree = "<group>"; };
		9562AEA22292CFB8002222F1 /* CoreDataProvider.h */ = {isa = PBXFileReference; lastKnownFileType = sourcecode.c.h; path = CoreDataProvider.h; sourceTree = "<group>"; };
		9562AEA32292CFB8002222F1 /* CoreDataProvider.m */ = {isa = PBXFileReference; lastKnownFileType = sourcecode.c.objc; path = CoreDataProvider.m; sourceTree = "<group>"; };
		9562AEA72292DE26002222F1 /* TLAService.h */ = {isa = PBXFileReference; lastKnownFileType = sourcecode.c.h; path = TLAService.h; sourceTree = "<group>"; };
		9562AEA82292DE26002222F1 /* TLAService.m */ = {isa = PBXFileReference; lastKnownFileType = sourcecode.c.objc; path = TLAService.m; sourceTree = "<group>"; };
		9562AEAA2292DF1A002222F1 /* TLATripsService.h */ = {isa = PBXFileReference; lastKnownFileType = sourcecode.c.h; path = TLATripsService.h; sourceTree = "<group>"; };
		9562AEAB2292DF1A002222F1 /* TLATripsService.m */ = {isa = PBXFileReference; lastKnownFileType = sourcecode.c.objc; path = TLATripsService.m; sourceTree = "<group>"; };
		9562AEAD2292E2C3002222F1 /* TLAAddTripService.h */ = {isa = PBXFileReference; lastKnownFileType = sourcecode.c.h; path = TLAAddTripService.h; sourceTree = "<group>"; };
		9562AEAE2292E2C3002222F1 /* TLAAddTripService.m */ = {isa = PBXFileReference; lastKnownFileType = sourcecode.c.objc; path = TLAAddTripService.m; sourceTree = "<group>"; };
		9562AEB02292E846002222F1 /* TLAMuseumsForDayService.h */ = {isa = PBXFileReference; lastKnownFileType = sourcecode.c.h; path = TLAMuseumsForDayService.h; sourceTree = "<group>"; };
		9562AEB12292E846002222F1 /* TLAMuseumsForDayService.m */ = {isa = PBXFileReference; lastKnownFileType = sourcecode.c.objc; path = TLAMuseumsForDayService.m; sourceTree = "<group>"; };
		9562AEB32292EB5D002222F1 /* TLAAddMuseumService.h */ = {isa = PBXFileReference; lastKnownFileType = sourcecode.c.h; path = TLAAddMuseumService.h; sourceTree = "<group>"; };
		9562AEB42292EB5D002222F1 /* TLAAddMuseumService.m */ = {isa = PBXFileReference; lastKnownFileType = sourcecode.c.objc; path = TLAAddMuseumService.m; sourceTree = "<group>"; };
		9571FC81226F16F900602FB4 /* travelApp.app */ = {isa = PBXFileReference; explicitFileType = wrapper.application; includeInIndex = 0; path = travelApp.app; sourceTree = BUILT_PRODUCTS_DIR; };
		9571FC84226F16F900602FB4 /* AppDelegate.h */ = {isa = PBXFileReference; lastKnownFileType = sourcecode.c.h; path = AppDelegate.h; sourceTree = "<group>"; };
		9571FC85226F16F900602FB4 /* AppDelegate.m */ = {isa = PBXFileReference; lastKnownFileType = sourcecode.c.objc; path = AppDelegate.m; sourceTree = "<group>"; };
		9571FC8B226F16F900602FB4 /* Base */ = {isa = PBXFileReference; lastKnownFileType = file.storyboard; name = Base; path = Base.lproj/Main.storyboard; sourceTree = "<group>"; };
		9571FC8E226F16F900602FB4 /* travelApp.xcdatamodel */ = {isa = PBXFileReference; lastKnownFileType = wrapper.xcdatamodel; path = travelApp.xcdatamodel; sourceTree = "<group>"; };
		9571FC93226F16FB00602FB4 /* Base */ = {isa = PBXFileReference; lastKnownFileType = file.storyboard; name = Base; path = Base.lproj/LaunchScreen.storyboard; sourceTree = "<group>"; };
		9571FC95226F16FB00602FB4 /* Info.plist */ = {isa = PBXFileReference; lastKnownFileType = text.plist.xml; path = Info.plist; sourceTree = "<group>"; };
		9571FC96226F16FB00602FB4 /* main.m */ = {isa = PBXFileReference; lastKnownFileType = sourcecode.c.objc; path = main.m; sourceTree = "<group>"; };
		9571FC9D226F1BA100602FB4 /* MapViewController.h */ = {isa = PBXFileReference; lastKnownFileType = sourcecode.c.h; path = MapViewController.h; sourceTree = "<group>"; };
		9571FC9E226F1BA100602FB4 /* MapViewController.m */ = {isa = PBXFileReference; lastKnownFileType = sourcecode.c.objc; path = MapViewController.m; sourceTree = "<group>"; };
		9571FCA0226F1BC200602FB4 /* TripsViewController.h */ = {isa = PBXFileReference; lastKnownFileType = sourcecode.c.h; path = TripsViewController.h; sourceTree = "<group>"; };
		9571FCA1226F1BC200602FB4 /* TripsViewController.m */ = {isa = PBXFileReference; lastKnownFileType = sourcecode.c.objc; path = TripsViewController.m; sourceTree = "<group>"; };
		9571FCA3226F1BEF00602FB4 /* ProfileViewController.h */ = {isa = PBXFileReference; lastKnownFileType = sourcecode.c.h; path = ProfileViewController.h; sourceTree = "<group>"; };
		9571FCA4226F1BEF00602FB4 /* ProfileViewController.m */ = {isa = PBXFileReference; lastKnownFileType = sourcecode.c.objc; path = ProfileViewController.m; sourceTree = "<group>"; };
		9571FCA9226F29DC00602FB4 /* Assets.xcassets */ = {isa = PBXFileReference; lastKnownFileType = folder.assetcatalog; path = Assets.xcassets; sourceTree = "<group>"; };
		9571FCB422707FA000602FB4 /* SearchViewController.h */ = {isa = PBXFileReference; lastKnownFileType = sourcecode.c.h; path = SearchViewController.h; sourceTree = "<group>"; };
		9571FCB522707FA000602FB4 /* SearchViewController.m */ = {isa = PBXFileReference; lastKnownFileType = sourcecode.c.objc; path = SearchViewController.m; sourceTree = "<group>"; };
		9571FCBB2270A41700602FB4 /* TAFoursquareNetworkService.h */ = {isa = PBXFileReference; lastKnownFileType = sourcecode.c.h; path = TAFoursquareNetworkService.h; sourceTree = "<group>"; };
		9571FCBC2270A41700602FB4 /* TAFoursquareNetworkService.m */ = {isa = PBXFileReference; lastKnownFileType = sourcecode.c.objc; path = TAFoursquareNetworkService.m; sourceTree = "<group>"; };
		9571FCBE2270A4EF00602FB4 /* TAFoursquareNetworkServiceProtocol.h */ = {isa = PBXFileReference; lastKnownFileType = sourcecode.c.h; path = TAFoursquareNetworkServiceProtocol.h; sourceTree = "<group>"; };
		9571FCBF2271DDD100602FB4 /* MapPoint.h */ = {isa = PBXFileReference; lastKnownFileType = sourcecode.c.h; path = MapPoint.h; sourceTree = "<group>"; };
		9571FCC02271DDD100602FB4 /* MapPoint.m */ = {isa = PBXFileReference; lastKnownFileType = sourcecode.c.objc; path = MapPoint.m; sourceTree = "<group>"; };
		9571FCC32271E05900602FB4 /* DetailPointViewController.h */ = {isa = PBXFileReference; lastKnownFileType = sourcecode.c.h; path = DetailPointViewController.h; sourceTree = "<group>"; };
		9571FCC42271E05900602FB4 /* DetailPointViewController.m */ = {isa = PBXFileReference; lastKnownFileType = sourcecode.c.objc; path = DetailPointViewController.m; sourceTree = "<group>"; };
		95A20669228D912300583AC4 /* TACoordinatorProtocol.h */ = {isa = PBXFileReference; lastKnownFileType = sourcecode.c.h; path = TACoordinatorProtocol.h; sourceTree = "<group>"; };
		95A2066C228D98C300583AC4 /* Constants.h */ = {isa = PBXFileReference; lastKnownFileType = sourcecode.c.h; path = Constants.h; sourceTree = "<group>"; };
		95A2066D228EAE2700583AC4 /* AddNewTrip.h */ = {isa = PBXFileReference; lastKnownFileType = sourcecode.c.h; path = AddNewTrip.h; sourceTree = "<group>"; };
		95A2066E228EAE2700583AC4 /* AddNewTrip.m */ = {isa = PBXFileReference; lastKnownFileType = sourcecode.c.objc; path = AddNewTrip.m; sourceTree = "<group>"; };
		95A20670228EB59300583AC4 /* AddNewTripDelegate.h */ = {isa = PBXFileReference; lastKnownFileType = sourcecode.c.h; path = AddNewTripDelegate.h; sourceTree = "<group>"; };
		95A20672228EE4F200583AC4 /* MuseumsForDayView.h */ = {isa = PBXFileReference; lastKnownFileType = sourcecode.c.h; path = MuseumsForDayView.h; sourceTree = "<group>"; };
		95A20673228EE4F200583AC4 /* MuseumsForDayView.m */ = {isa = PBXFileReference; lastKnownFileType = sourcecode.c.objc; path = MuseumsForDayView.m; sourceTree = "<group>"; };
		95A20675228EEB4500583AC4 /* AddMuseumView.h */ = {isa = PBXFileReference; lastKnownFileType = sourcecode.c.h; path = AddMuseumView.h; sourceTree = "<group>"; };
		95A20676228EEB4500583AC4 /* AddMuseumView.m */ = {isa = PBXFileReference; lastKnownFileType = sourcecode.c.objc; path = AddMuseumView.m; sourceTree = "<group>"; };
		95A20678228EEFDC00583AC4 /* AddMuseumDelegate.h */ = {isa = PBXFileReference; lastKnownFileType = sourcecode.c.h; path = AddMuseumDelegate.h; sourceTree = "<group>"; };
/* End PBXFileReference section */

/* Begin PBXFrameworksBuildPhase section */
		9571FC7E226F16F900602FB4 /* Frameworks */ = {
			isa = PBXFrameworksBuildPhase;
			buildActionMask = 2147483647;
			files = (
			);
			runOnlyForDeploymentPostprocessing = 0;
		};
/* End PBXFrameworksBuildPhase section */

/* Begin PBXGroup section */
		9521784B22735ECA007A3E02 /* View */ = {
			isa = PBXGroup;
			children = (
				95A20671228EE48300583AC4 /* AddNewTripView */,
				9562AE9E228F0F3C002222F1 /* AddMuseumView */,
				95A2066A228D95C500583AC4 /* Cells */,
				95A20672228EE4F200583AC4 /* MuseumsForDayView.h */,
				95A20673228EE4F200583AC4 /* MuseumsForDayView.m */,
				9562AE9F228F1F4E002222F1 /* ProfileView.h */,
				9562AEA0228F1F4E002222F1 /* ProfileView.m */,
			);
			path = View;
			sourceTree = "<group>";
		};
		952178732278547F007A3E02 /* CoreDataModel */ = {
			isa = PBXGroup;
			children = (
				95217875227878F6007A3E02 /* Day+CoreDataClass.h */,
				95217876227878F6007A3E02 /* Day+CoreDataClass.m */,
				95217874227878F6007A3E02 /* Day+CoreDataProperties.h */,
				95217877227878F6007A3E02 /* Day+CoreDataProperties.m */,
				95217879227878F6007A3E02 /* Person+CoreDataClass.h */,
				9521787A227878F6007A3E02 /* Person+CoreDataClass.m */,
				95217878227878F6007A3E02 /* Person+CoreDataProperties.h */,
				9521787B227878F6007A3E02 /* Person+CoreDataProperties.m */,
				9521787D227878F6007A3E02 /* Museum+CoreDataClass.h */,
				9521787E227878F6007A3E02 /* Museum+CoreDataClass.m */,
				9521787C227878F6007A3E02 /* Museum+CoreDataProperties.h */,
				9521787F227878F6007A3E02 /* Museum+CoreDataProperties.m */,
				95217881227878F6007A3E02 /* Trip+CoreDataClass.h */,
				95217882227878F6007A3E02 /* Trip+CoreDataClass.m */,
				95217880227878F6007A3E02 /* Trip+CoreDataProperties.h */,
				95217883227878F6007A3E02 /* Trip+CoreDataProperties.m */,
			);
			name = CoreDataModel;
			path = "New Group";
			sourceTree = "<group>";
		};
		95217C562288962A007A3E02 /* FoursquareNetworkService */ = {
			isa = PBXGroup;
			children = (
				9571FCBB2270A41700602FB4 /* TAFoursquareNetworkService.h */,
				9571FCBC2270A41700602FB4 /* TAFoursquareNetworkService.m */,
				9571FCBE2270A4EF00602FB4 /* TAFoursquareNetworkServiceProtocol.h */,
			);
			path = FoursquareNetworkService;
			sourceTree = "<group>";
		};
		95217C5722889639007A3E02 /* MosDataNetworkService */ = {
			isa = PBXGroup;
			children = (
				95217C52228885C6007A3E02 /* TAMosDataNetworkService.h */,
				95217C53228885C7007A3E02 /* TAMosDataNetworkService.m */,
				95217C552288929C007A3E02 /* TAMosDataNetworkServiceProtocol.h */,
			);
			path = MosDataNetworkService;
			sourceTree = "<group>";
		};
		95217C5B2289D5F8007A3E02 /* Coordinator */ = {
			isa = PBXGroup;
			children = (
				95217C5C2289FC7D007A3E02 /* TACoordinator.h */,
				95217C5D2289FC7D007A3E02 /* TACoordinator.m */,
				95A20669228D912300583AC4 /* TACoordinatorProtocol.h */,
			);
			path = Coordinator;
			sourceTree = "<group>";
		};
		9562AE9E228F0F3C002222F1 /* AddMuseumView */ = {
			isa = PBXGroup;
			children = (
				95A20675228EEB4500583AC4 /* AddMuseumView.h */,
				95A20676228EEB4500583AC4 /* AddMuseumView.m */,
				95A20678228EEFDC00583AC4 /* AddMuseumDelegate.h */,
			);
			path = AddMuseumView;
			sourceTree = "<group>";
		};
		9562AEA52292D00F002222F1 /* CoreDataProvider */ = {
			isa = PBXGroup;
			children = (
				9562AEA22292CFB8002222F1 /* CoreDataProvider.h */,
				9562AEA32292CFB8002222F1 /* CoreDataProvider.m */,
			);
			path = CoreDataProvider;
			sourceTree = "<group>";
		};
		9562AEA62292D022002222F1 /* CoreDataLayer */ = {
			isa = PBXGroup;
			children = (
				9562AEB62292F47A002222F1 /* Services */,
				952178732278547F007A3E02 /* CoreDataModel */,
				9562AEA52292D00F002222F1 /* CoreDataProvider */,
			);
			path = CoreDataLayer;
			sourceTree = "<group>";
		};
		9562AEB62292F47A002222F1 /* Services */ = {
			isa = PBXGroup;
			children = (
				9562AEA72292DE26002222F1 /* TLAService.h */,
				9562AEA82292DE26002222F1 /* TLAService.m */,
				9562AEAA2292DF1A002222F1 /* TLATripsService.h */,
				9562AEAB2292DF1A002222F1 /* TLATripsService.m */,
				9562AEAD2292E2C3002222F1 /* TLAAddTripService.h */,
				9562AEAE2292E2C3002222F1 /* TLAAddTripService.m */,
				9562AEB02292E846002222F1 /* TLAMuseumsForDayService.h */,
				9562AEB12292E846002222F1 /* TLAMuseumsForDayService.m */,
				9562AEB32292EB5D002222F1 /* TLAAddMuseumService.h */,
				9562AEB42292EB5D002222F1 /* TLAAddMuseumService.m */,
			);
			path = Services;
			sourceTree = "<group>";
		};
		9571FC78226F16F900602FB4 = {
			isa = PBXGroup;
			children = (
				9571FC83226F16F900602FB4 /* travelApp */,
				9571FC82226F16F900602FB4 /* Products */,
			);
			sourceTree = "<group>";
		};
		9571FC82226F16F900602FB4 /* Products */ = {
			isa = PBXGroup;
			children = (
				9571FC81226F16F900602FB4 /* travelApp.app */,
			);
			name = Products;
			sourceTree = "<group>";
		};
		9571FC83226F16F900602FB4 /* travelApp */ = {
			isa = PBXGroup;
			children = (
				9571FC84226F16F900602FB4 /* AppDelegate.h */,
				9571FC85226F16F900602FB4 /* AppDelegate.m */,
				9571FC95226F16FB00602FB4 /* Info.plist */,
				9571FC96226F16FB00602FB4 /* main.m */,
				9571FCC22271DDD900602FB4 /* Model */,
				9521784B22735ECA007A3E02 /* View */,
				9571FCA6226F1BF600602FB4 /* Controllers */,
				9562AEA62292D022002222F1 /* CoreDataLayer */,
				9571FCBA22709F2800602FB4 /* Network */,
				95217C5B2289D5F8007A3E02 /* Coordinator */,
				95A2066B228D989300583AC4 /* Supported Files */,
			);
			path = travelApp;
			sourceTree = "<group>";
		};
		9571FCA6226F1BF600602FB4 /* Controllers */ = {
			isa = PBXGroup;
			children = (
				9571FCB722707FAB00602FB4 /* Map */,
				9571FCB822707FC000602FB4 /* Trip */,
				9571FCB922707FC900602FB4 /* Profile */,
			);
			path = Controllers;
			sourceTree = "<group>";
		};
		9571FCB722707FAB00602FB4 /* Map */ = {
			isa = PBXGroup;
			children = (
				9571FC9D226F1BA100602FB4 /* MapViewController.h */,
				9571FC9E226F1BA100602FB4 /* MapViewController.m */,
				9571FCB422707FA000602FB4 /* SearchViewController.h */,
				9571FCB522707FA000602FB4 /* SearchViewController.m */,
				9571FCC32271E05900602FB4 /* DetailPointViewController.h */,
				9571FCC42271E05900602FB4 /* DetailPointViewController.m */,
			);
			path = Map;
			sourceTree = "<group>";
		};
		9571FCB822707FC000602FB4 /* Trip */ = {
			isa = PBXGroup;
			children = (
				9571FCA0226F1BC200602FB4 /* TripsViewController.h */,
				9571FCA1226F1BC200602FB4 /* TripsViewController.m */,
				952178512277077F007A3E02 /* AddTripViewController.h */,
				952178522277077F007A3E02 /* AddTripViewController.m */,
				9521788F227B2F1B007A3E02 /* MuseumsForDayViewController.h */,
				95217890227B2F1B007A3E02 /* MuseumsForDayViewController.m */,
				9521795C227CAD1B007A3E02 /* ChooseMuseumViewController.h */,
				9521795D227CAD1B007A3E02 /* ChooseMuseumViewController.m */,
				9521795F227CBA4E007A3E02 /* AddMuseumViewController.h */,
				95217960227CBA4E007A3E02 /* AddMuseumViewController.m */,
			);
			path = Trip;
			sourceTree = "<group>";
		};
		9571FCB922707FC900602FB4 /* Profile */ = {
			isa = PBXGroup;
			children = (
				9571FCA3226F1BEF00602FB4 /* ProfileViewController.h */,
				9571FCA4226F1BEF00602FB4 /* ProfileViewController.m */,
			);
			path = Profile;
			sourceTree = "<group>";
		};
		9571FCBA22709F2800602FB4 /* Network */ = {
			isa = PBXGroup;
			children = (
				95217C562288962A007A3E02 /* FoursquareNetworkService */,
				95217C5722889639007A3E02 /* MosDataNetworkService */,
			);
			path = Network;
			sourceTree = "<group>";
		};
		9571FCC22271DDD900602FB4 /* Model */ = {
			isa = PBXGroup;
			children = (
				9571FCBF2271DDD100602FB4 /* MapPoint.h */,
				9571FCC02271DDD100602FB4 /* MapPoint.m */,
				9521788C22788278007A3E02 /* TAPerson.h */,
				9521788D22788278007A3E02 /* TAPerson.m */,
				9521784C22763A2F007A3E02 /* TACustomAnnotation.h */,
				9521784D22763A2F007A3E02 /* TACustomAnnotation.m */,
			);
			path = Model;
			sourceTree = "<group>";
		};
		95A2066A228D95C500583AC4 /* Cells */ = {
			isa = PBXGroup;
			children = (
				9521784822735EC0007A3E02 /* MuseumCollectionViewCell.h */,
				9521784922735EC0007A3E02 /* MuseumCollectionViewCell.m */,
				952178ED227B5D83007A3E02 /* DetailMuseumCollectionViewCell.h */,
				952178EE227B5D83007A3E02 /* DetailMuseumCollectionViewCell.m */,
				95217C4E2282C120007A3E02 /* DayCollectionViewCell.h */,
				95217C4F2282C120007A3E02 /* DayCollectionViewCell.m */,
			);
			path = Cells;
			sourceTree = "<group>";
		};
		95A2066B228D989300583AC4 /* Supported Files */ = {
			isa = PBXGroup;
			children = (
				9571FC8A226F16F900602FB4 /* Main.storyboard */,
				9571FC92226F16FB00602FB4 /* LaunchScreen.storyboard */,
				9571FCA9226F29DC00602FB4 /* Assets.xcassets */,
				9571FC8D226F16F900602FB4 /* travelApp.xcdatamodeld */,
				95A2066C228D98C300583AC4 /* Constants.h */,
			);
			path = "Supported Files";
			sourceTree = "<group>";
		};
		95A20671228EE48300583AC4 /* AddNewTripView */ = {
			isa = PBXGroup;
			children = (
				95A2066D228EAE2700583AC4 /* AddNewTrip.h */,
				95A2066E228EAE2700583AC4 /* AddNewTrip.m */,
				95A20670228EB59300583AC4 /* AddNewTripDelegate.h */,
			);
			path = AddNewTripView;
			sourceTree = "<group>";
		};
/* End PBXGroup section */

/* Begin PBXNativeTarget section */
		9571FC80226F16F900602FB4 /* travelApp */ = {
			isa = PBXNativeTarget;
			buildConfigurationList = 9571FC9A226F16FB00602FB4 /* Build configuration list for PBXNativeTarget "travelApp" */;
			buildPhases = (
				9571FC7D226F16F900602FB4 /* Sources */,
				9571FC7E226F16F900602FB4 /* Frameworks */,
				9571FC7F226F16F900602FB4 /* Resources */,
			);
			buildRules = (
			);
			dependencies = (
			);
			name = travelApp;
			productName = travelApp;
			productReference = 9571FC81226F16F900602FB4 /* travelApp.app */;
			productType = "com.apple.product-type.application";
		};
/* End PBXNativeTarget section */

/* Begin PBXProject section */
		9571FC79226F16F900602FB4 /* Project object */ = {
			isa = PBXProject;
			attributes = {
				LastUpgradeCheck = 1010;
				ORGANIZATIONNAME = "Erzhena Tsyrendylykova";
				TargetAttributes = {
					9571FC80226F16F900602FB4 = {
						CreatedOnToolsVersion = 10.1;
					};
				};
			};
			buildConfigurationList = 9571FC7C226F16F900602FB4 /* Build configuration list for PBXProject "travelApp" */;
			compatibilityVersion = "Xcode 9.3";
			developmentRegion = en;
			hasScannedForEncodings = 0;
			knownRegions = (
				en,
				Base,
			);
			mainGroup = 9571FC78226F16F900602FB4;
			productRefGroup = 9571FC82226F16F900602FB4 /* Products */;
			projectDirPath = "";
			projectRoot = "";
			targets = (
				9571FC80226F16F900602FB4 /* travelApp */,
			);
		};
/* End PBXProject section */

/* Begin PBXResourcesBuildPhase section */
		9571FC7F226F16F900602FB4 /* Resources */ = {
			isa = PBXResourcesBuildPhase;
			buildActionMask = 2147483647;
			files = (
				9571FC94226F16FB00602FB4 /* LaunchScreen.storyboard in Resources */,
				9571FCAA226F29DC00602FB4 /* Assets.xcassets in Resources */,
				9571FC8C226F16F900602FB4 /* Main.storyboard in Resources */,
			);
			runOnlyForDeploymentPostprocessing = 0;
		};
/* End PBXResourcesBuildPhase section */

/* Begin PBXSourcesBuildPhase section */
		9571FC7D226F16F900602FB4 /* Sources */ = {
			isa = PBXSourcesBuildPhase;
			buildActionMask = 2147483647;
			files = (
				9562AEA92292DE26002222F1 /* TLAService.m in Sources */,
				95217884227878F6007A3E02 /* Day+CoreDataClass.m in Sources */,
				95217C54228885C7007A3E02 /* TAMosDataNetworkService.m in Sources */,
				95A20674228EE4F200583AC4 /* MuseumsForDayView.m in Sources */,
				9562AEAC2292DF1A002222F1 /* TLATripsService.m in Sources */,
				9521784A22735EC0007A3E02 /* MuseumCollectionViewCell.m in Sources */,
				9571FC8F226F16F900602FB4 /* travelApp.xcdatamodeld in Sources */,
				95217885227878F6007A3E02 /* Day+CoreDataProperties.m in Sources */,
				95217C502282C120007A3E02 /* DayCollectionViewCell.m in Sources */,
				95217888227878F6007A3E02 /* Museum+CoreDataClass.m in Sources */,
				9571FCC12271DDD100602FB4 /* MapPoint.m in Sources */,
				95217886227878F6007A3E02 /* Person+CoreDataClass.m in Sources */,
				95A20677228EEB4500583AC4 /* AddMuseumView.m in Sources */,
				9571FC9F226F1BA100602FB4 /* MapViewController.m in Sources */,
				9521788A227878F6007A3E02 /* Trip+CoreDataClass.m in Sources */,
				952178532277077F007A3E02 /* AddTripViewController.m in Sources */,
				9521788B227878F6007A3E02 /* Trip+CoreDataProperties.m in Sources */,
				9571FCB622707FA000602FB4 /* SearchViewController.m in Sources */,
				95217891227B2F1B007A3E02 /* MuseumsForDayViewController.m in Sources */,
				95A2066F228EAE2700583AC4 /* AddNewTrip.m in Sources */,
				9571FCC52271E05900602FB4 /* DetailPointViewController.m in Sources */,
				9562AEAF2292E2C3002222F1 /* TLAAddTripService.m in Sources */,
				952178EF227B5D83007A3E02 /* DetailMuseumCollectionViewCell.m in Sources */,
				9571FCA2226F1BC200602FB4 /* TripsViewController.m in Sources */,
				9571FCA5226F1BEF00602FB4 /* ProfileViewController.m in Sources */,
				9562AEA1228F1F4E002222F1 /* ProfileView.m in Sources */,
				9521788E22788278007A3E02 /* TAPerson.m in Sources */,
				95217961227CBA4E007A3E02 /* AddMuseumViewController.m in Sources */,
				9571FCBD2270A41700602FB4 /* TAFoursquareNetworkService.m in Sources */,
				95217C5E2289FC7D007A3E02 /* TACoordinator.m in Sources */,
				9562AEB52292EB5D002222F1 /* TLAAddMuseumService.m in Sources */,
				9571FC97226F16FB00602FB4 /* main.m in Sources */,
				9571FC86226F16F900602FB4 /* AppDelegate.m in Sources */,
				95217889227878F6007A3E02 /* Museum+CoreDataProperties.m in Sources */,
				9521795E227CAD1B007A3E02 /* ChooseMuseumViewController.m in Sources */,
				9521784E22763A2F007A3E02 /* TACustomAnnotation.m in Sources */,
				95217887227878F6007A3E02 /* Person+CoreDataProperties.m in Sources */,
				9562AEB22292E846002222F1 /* TLAMuseumsForDayService.m in Sources */,
				9562AEA42292CFB8002222F1 /* CoreDataProvider.m in Sources */,
			);
			runOnlyForDeploymentPostprocessing = 0;
		};
/* End PBXSourcesBuildPhase section */

/* Begin PBXVariantGroup section */
		9571FC8A226F16F900602FB4 /* Main.storyboard */ = {
			isa = PBXVariantGroup;
			children = (
				9571FC8B226F16F900602FB4 /* Base */,
			);
			name = Main.storyboard;
			sourceTree = "<group>";
		};
		9571FC92226F16FB00602FB4 /* LaunchScreen.storyboard */ = {
			isa = PBXVariantGroup;
			children = (
				9571FC93226F16FB00602FB4 /* Base */,
			);
			name = LaunchScreen.storyboard;
			sourceTree = "<group>";
		};
/* End PBXVariantGroup section */

/* Begin XCBuildConfiguration section */
		9571FC98226F16FB00602FB4 /* Debug */ = {
			isa = XCBuildConfiguration;
			buildSettings = {
				ALWAYS_SEARCH_USER_PATHS = NO;
				CLANG_ANALYZER_NONNULL = YES;
				CLANG_ANALYZER_NUMBER_OBJECT_CONVERSION = YES_AGGRESSIVE;
				CLANG_CXX_LANGUAGE_STANDARD = "gnu++14";
				CLANG_CXX_LIBRARY = "libc++";
				CLANG_ENABLE_MODULES = YES;
				CLANG_ENABLE_OBJC_ARC = YES;
				CLANG_ENABLE_OBJC_WEAK = YES;
				CLANG_WARN_BLOCK_CAPTURE_AUTORELEASING = YES;
				CLANG_WARN_BOOL_CONVERSION = YES;
				CLANG_WARN_COMMA = YES;
				CLANG_WARN_CONSTANT_CONVERSION = YES;
				CLANG_WARN_DEPRECATED_OBJC_IMPLEMENTATIONS = YES;
				CLANG_WARN_DIRECT_OBJC_ISA_USAGE = YES_ERROR;
				CLANG_WARN_DOCUMENTATION_COMMENTS = YES;
				CLANG_WARN_EMPTY_BODY = YES;
				CLANG_WARN_ENUM_CONVERSION = YES;
				CLANG_WARN_INFINITE_RECURSION = YES;
				CLANG_WARN_INT_CONVERSION = YES;
				CLANG_WARN_NON_LITERAL_NULL_CONVERSION = YES;
				CLANG_WARN_OBJC_IMPLICIT_RETAIN_SELF = YES;
				CLANG_WARN_OBJC_LITERAL_CONVERSION = YES;
				CLANG_WARN_OBJC_ROOT_CLASS = YES_ERROR;
				CLANG_WARN_RANGE_LOOP_ANALYSIS = YES;
				CLANG_WARN_STRICT_PROTOTYPES = YES;
				CLANG_WARN_SUSPICIOUS_MOVE = YES;
				CLANG_WARN_UNGUARDED_AVAILABILITY = YES_AGGRESSIVE;
				CLANG_WARN_UNREACHABLE_CODE = YES;
				CLANG_WARN__DUPLICATE_METHOD_MATCH = YES;
				CODE_SIGN_IDENTITY = "iPhone Developer";
				COPY_PHASE_STRIP = NO;
				DEBUG_INFORMATION_FORMAT = dwarf;
				ENABLE_STRICT_OBJC_MSGSEND = YES;
				ENABLE_TESTABILITY = YES;
				GCC_C_LANGUAGE_STANDARD = gnu11;
				GCC_DYNAMIC_NO_PIC = NO;
				GCC_NO_COMMON_BLOCKS = YES;
				GCC_OPTIMIZATION_LEVEL = 0;
				GCC_PREPROCESSOR_DEFINITIONS = (
					"DEBUG=1",
					"$(inherited)",
				);
				GCC_WARN_64_TO_32_BIT_CONVERSION = YES;
				GCC_WARN_ABOUT_RETURN_TYPE = YES_ERROR;
				GCC_WARN_UNDECLARED_SELECTOR = YES;
				GCC_WARN_UNINITIALIZED_AUTOS = YES_AGGRESSIVE;
				GCC_WARN_UNUSED_FUNCTION = YES;
				GCC_WARN_UNUSED_VARIABLE = YES;
				IPHONEOS_DEPLOYMENT_TARGET = 12.1;
				MTL_ENABLE_DEBUG_INFO = INCLUDE_SOURCE;
				MTL_FAST_MATH = YES;
				ONLY_ACTIVE_ARCH = YES;
				SDKROOT = iphoneos;
			};
			name = Debug;
		};
		9571FC99226F16FB00602FB4 /* Release */ = {
			isa = XCBuildConfiguration;
			buildSettings = {
				ALWAYS_SEARCH_USER_PATHS = NO;
				CLANG_ANALYZER_NONNULL = YES;
				CLANG_ANALYZER_NUMBER_OBJECT_CONVERSION = YES_AGGRESSIVE;
				CLANG_CXX_LANGUAGE_STANDARD = "gnu++14";
				CLANG_CXX_LIBRARY = "libc++";
				CLANG_ENABLE_MODULES = YES;
				CLANG_ENABLE_OBJC_ARC = YES;
				CLANG_ENABLE_OBJC_WEAK = YES;
				CLANG_WARN_BLOCK_CAPTURE_AUTORELEASING = YES;
				CLANG_WARN_BOOL_CONVERSION = YES;
				CLANG_WARN_COMMA = YES;
				CLANG_WARN_CONSTANT_CONVERSION = YES;
				CLANG_WARN_DEPRECATED_OBJC_IMPLEMENTATIONS = YES;
				CLANG_WARN_DIRECT_OBJC_ISA_USAGE = YES_ERROR;
				CLANG_WARN_DOCUMENTATION_COMMENTS = YES;
				CLANG_WARN_EMPTY_BODY = YES;
				CLANG_WARN_ENUM_CONVERSION = YES;
				CLANG_WARN_INFINITE_RECURSION = YES;
				CLANG_WARN_INT_CONVERSION = YES;
				CLANG_WARN_NON_LITERAL_NULL_CONVERSION = YES;
				CLANG_WARN_OBJC_IMPLICIT_RETAIN_SELF = YES;
				CLANG_WARN_OBJC_LITERAL_CONVERSION = YES;
				CLANG_WARN_OBJC_ROOT_CLASS = YES_ERROR;
				CLANG_WARN_RANGE_LOOP_ANALYSIS = YES;
				CLANG_WARN_STRICT_PROTOTYPES = YES;
				CLANG_WARN_SUSPICIOUS_MOVE = YES;
				CLANG_WARN_UNGUARDED_AVAILABILITY = YES_AGGRESSIVE;
				CLANG_WARN_UNREACHABLE_CODE = YES;
				CLANG_WARN__DUPLICATE_METHOD_MATCH = YES;
				CODE_SIGN_IDENTITY = "iPhone Developer";
				COPY_PHASE_STRIP = NO;
				DEBUG_INFORMATION_FORMAT = "dwarf-with-dsym";
				ENABLE_NS_ASSERTIONS = NO;
				ENABLE_STRICT_OBJC_MSGSEND = YES;
				GCC_C_LANGUAGE_STANDARD = gnu11;
				GCC_NO_COMMON_BLOCKS = YES;
				GCC_WARN_64_TO_32_BIT_CONVERSION = YES;
				GCC_WARN_ABOUT_RETURN_TYPE = YES_ERROR;
				GCC_WARN_UNDECLARED_SELECTOR = YES;
				GCC_WARN_UNINITIALIZED_AUTOS = YES_AGGRESSIVE;
				GCC_WARN_UNUSED_FUNCTION = YES;
				GCC_WARN_UNUSED_VARIABLE = YES;
				IPHONEOS_DEPLOYMENT_TARGET = 12.1;
				MTL_ENABLE_DEBUG_INFO = NO;
				MTL_FAST_MATH = YES;
				SDKROOT = iphoneos;
				VALIDATE_PRODUCT = YES;
			};
			name = Release;
		};
		9571FC9B226F16FB00602FB4 /* Debug */ = {
			isa = XCBuildConfiguration;
			buildSettings = {
				ASSETCATALOG_COMPILER_APPICON_NAME = AppIcon;
				CODE_SIGN_STYLE = Automatic;
				INFOPLIST_FILE = travelApp/Info.plist;
				LD_RUNPATH_SEARCH_PATHS = (
					"$(inherited)",
					"@executable_path/Frameworks",
				);
				PRODUCT_BUNDLE_IDENTIFIER = ru.ErzhenaTsyrendylykova.travelApp;
				PRODUCT_NAME = "$(TARGET_NAME)";
				TARGETED_DEVICE_FAMILY = "1,2";
			};
			name = Debug;
		};
		9571FC9C226F16FB00602FB4 /* Release */ = {
			isa = XCBuildConfiguration;
			buildSettings = {
				ASSETCATALOG_COMPILER_APPICON_NAME = AppIcon;
				CODE_SIGN_STYLE = Automatic;
				INFOPLIST_FILE = travelApp/Info.plist;
				LD_RUNPATH_SEARCH_PATHS = (
					"$(inherited)",
					"@executable_path/Frameworks",
				);
				PRODUCT_BUNDLE_IDENTIFIER = ru.ErzhenaTsyrendylykova.travelApp;
				PRODUCT_NAME = "$(TARGET_NAME)";
				TARGETED_DEVICE_FAMILY = "1,2";
			};
			name = Release;
		};
/* End XCBuildConfiguration section */

/* Begin XCConfigurationList section */
		9571FC7C226F16F900602FB4 /* Build configuration list for PBXProject "travelApp" */ = {
			isa = XCConfigurationList;
			buildConfigurations = (
				9571FC98226F16FB00602FB4 /* Debug */,
				9571FC99226F16FB00602FB4 /* Release */,
			);
			defaultConfigurationIsVisible = 0;
			defaultConfigurationName = Release;
		};
		9571FC9A226F16FB00602FB4 /* Build configuration list for PBXNativeTarget "travelApp" */ = {
			isa = XCConfigurationList;
			buildConfigurations = (
				9571FC9B226F16FB00602FB4 /* Debug */,
				9571FC9C226F16FB00602FB4 /* Release */,
			);
			defaultConfigurationIsVisible = 0;
			defaultConfigurationName = Release;
		};
/* End XCConfigurationList section */

/* Begin XCVersionGroup section */
		9571FC8D226F16F900602FB4 /* travelApp.xcdatamodeld */ = {
			isa = XCVersionGroup;
			children = (
				9571FC8E226F16F900602FB4 /* travelApp.xcdatamodel */,
			);
			currentVersion = 9571FC8E226F16F900602FB4 /* travelApp.xcdatamodel */;
			path = travelApp.xcdatamodeld;
			sourceTree = "<group>";
			versionGroupType = wrapper.xcdatamodel;
		};
/* End XCVersionGroup section */
	};
	rootObject = 9571FC79226F16F900602FB4 /* Project object */;
}
